github.com/lib/pq v1.10.9 h1:YXG7RB+JIjhP29X+OtkiDnYaXQwpS4JEWq7dtCCRUEw=
github.com/lib/pq v1.10.9/go.mod h1:AlVN5x4E4T544tWzH6hKfbfQvm3HdbOxrmggDNAPY9o=
github.com/talgat-ruby/exercises-go/exercise7/blogging-platform v0.0.0-20241126132414-a6474f9c9b52 h1:oGffEWFUfUhOkUU0xq6qqn5HgMZwJSgnb2breVbcisg=
github.com/talgat-ruby/exercises-go/exercise7/blogging-platform v0.0.0-20241126132414-a6474f9c9b52/go.mod h1:mTnB2JDUkCeXG4L/NQfQG35ZsbpmvIuIv6/p+hw2Xfk=
