github.com/joho/godotenv v1.5.1 h1:7eLL/+HRGLY0ldzfGMeQkb7vMd0as4CfYvUVzLqw0N0=
github.com/joho/godotenv v1.5.1/go.mod h1:f4LDr5Voq0i2e/R5DDNOoa2zzDfwtkZa6DnEwAbqwq4=
github.com/lib/pq v1.10.9 h1:YXG7RB+JIjhP29X+OtkiDnYaXQwpS4JEWq7dtCCRUEw=
github.com/lib/pq v1.10.9/go.mod h1:AlVN5x4E4T544tWzH6hKfbfQvm3HdbOxrmggDNAPY9o=
github.com/talgat-ruby/lessons-go/projects/movie-reservation v0.0.0-20241202152956-febc0e85c7a9 h1:tn1l3jdk2n02rJwlZ3aC4I4+s7dMEN40px4Xz8kCLtk=
github.com/talgat-ruby/lessons-go/projects/movie-reservation v0.0.0-20241202152956-febc0e85c7a9/go.mod h1:VhNmf2wJPV1ubR3WAU2tZyHidDuYXi1MlBiqymxuENE=
